
Microsoft Visual Studio Solution File, Format Version 11.00
# Visual Studio 2010
Project("{FAE04EC0-301F-11D3-BF4B-00C04F79EFBC}") = "DataStructure", "DataStructure\DataStructure.csproj", "{387BA0BA-AD73-461F-B613-97F32FC58142}"
EndProject
Project("{FAE04EC0-301F-11D3-BF4B-00C04F79EFBC}") = "DataStructure.Tests", "DataStructure.Tests\DataStructure.Tests.csproj", "{2C3F3FC8-E84F-45F1-BD21-CB8B3FFB1CC6}"
EndProject
Project("{2150E333-8FDC-42A3-9474-1A3956D46DE8}") = "Solution Items", "Solution Items", "{F3C91098-F808-407D-984C-D5F6B468AA63}"
	ProjectSection(SolutionItems) = preProject
		DataStructure.vsmdi = DataStructure.vsmdi
		Local.testsettings = Local.testsettings
		TraceAndTestImpact.testsettings = TraceAndTestImpact.testsettings
	EndProjectSection
EndProject
Global
	GlobalSection(TestCaseManagementSettings) = postSolution
		CategoryFile = DataStructure.vsmdi
	EndGlobalSection
	GlobalSection(SolutionConfigurationPlatforms) = preSolution
		Debug|Any CPU = Debug|Any CPU
		Release|Any CPU = Release|Any CPU
	EndGlobalSection
	GlobalSection(ProjectConfigurationPlatforms) = postSolution
		{387BA0BA-AD73-461F-B613-97F32FC58142}.Debug|Any CPU.ActiveCfg = Debug|Any CPU
		{387BA0BA-AD73-461F-B613-97F32FC58142}.Debug|Any CPU.Build.0 = Debug|Any CPU
		{387BA0BA-AD73-461F-B613-97F32FC58142}.Release|Any CPU.ActiveCfg = Release|Any CPU
		{387BA0BA-AD73-461F-B613-97F32FC58142}.Release|Any CPU.Build.0 = Release|Any CPU
		{2C3F3FC8-E84F-45F1-BD21-CB8B3FFB1CC6}.Debug|Any CPU.ActiveCfg = Debug|Any CPU
		{2C3F3FC8-E84F-45F1-BD21-CB8B3FFB1CC6}.Debug|Any CPU.Build.0 = Debug|Any CPU
		{2C3F3FC8-E84F-45F1-BD21-CB8B3FFB1CC6}.Release|Any CPU.ActiveCfg = Release|Any CPU
		{2C3F3FC8-E84F-45F1-BD21-CB8B3FFB1CC6}.Release|Any CPU.Build.0 = Release|Any CPU
	EndGlobalSection
	GlobalSection(SolutionProperties) = preSolution
		HideSolutionNode = FALSE
	EndGlobalSection
EndGlobal
